// !$*UTF8*$!
{
	archiveVersion = 1;
	classes = {
	};
	objectVersion = 50;
	objects = {

/* Begin PBXBuildFile section */
		289B98EE1B83658175780792 /* Pods_iTransfert_RenamerUITests.framework in Frameworks */ = {isa = PBXBuildFile; fileRef = 463D43B082613BED8CA80228 /* Pods_iTransfert_RenamerUITests.framework */; };
		5048B47A218B101E0089BF2B /* DragView.swift in Sources */ = {isa = PBXBuildFile; fileRef = 5048B479218B101E0089BF2B /* DragView.swift */; };
		50916ED6218B02BB0064A190 /* AppDelegate.swift in Sources */ = {isa = PBXBuildFile; fileRef = 50916ED5218B02BB0064A190 /* AppDelegate.swift */; };
		50916ED8218B02BB0064A190 /* HomeViewController.swift in Sources */ = {isa = PBXBuildFile; fileRef = 50916ED7218B02BB0064A190 /* HomeViewController.swift */; };
		50916EDA218B02BC0064A190 /* Assets.xcassets in Resources */ = {isa = PBXBuildFile; fileRef = 50916ED9218B02BC0064A190 /* Assets.xcassets */; };
		50916EDD218B02BC0064A190 /* Main.storyboard in Resources */ = {isa = PBXBuildFile; fileRef = 50916EDB218B02BC0064A190 /* Main.storyboard */; };
		50916EE9218B02BC0064A190 /* iTransfert_RenamerTests.swift in Sources */ = {isa = PBXBuildFile; fileRef = 50916EE8218B02BC0064A190 /* iTransfert_RenamerTests.swift */; };
		50916EF4218B02BC0064A190 /* iTransfert_RenamerUITests.swift in Sources */ = {isa = PBXBuildFile; fileRef = 50916EF3218B02BC0064A190 /* iTransfert_RenamerUITests.swift */; };
		50CA417721971D0F00D5E179 /* SYFlatButton.m in Sources */ = {isa = PBXBuildFile; fileRef = 50CA417521971D0E00D5E179 /* SYFlatButton.m */; };
		8758855BF20015EC2EE75985 /* Pods_iTransfert_Renamer.framework in Frameworks */ = {isa = PBXBuildFile; fileRef = 500CF464AF34B73837D68EB4 /* Pods_iTransfert_Renamer.framework */; };
		B3AD4EB1B9606D60D5ADB445 /* Pods_iTransfert_RenamerTests.framework in Frameworks */ = {isa = PBXBuildFile; fileRef = F27963EB01179CED6B57E2B1 /* Pods_iTransfert_RenamerTests.framework */; };
/* End PBXBuildFile section */

/* Begin PBXContainerItemProxy section */
		50916EE5218B02BC0064A190 /* PBXContainerItemProxy */ = {
			isa = PBXContainerItemProxy;
			containerPortal = 50916ECA218B02BB0064A190 /* Project object */;
			proxyType = 1;
			remoteGlobalIDString = 50916ED1218B02BB0064A190;
			remoteInfo = "iTransfert Renamer";
		};
		50916EF0218B02BC0064A190 /* PBXContainerItemProxy */ = {
			isa = PBXContainerItemProxy;
			containerPortal = 50916ECA218B02BB0064A190 /* Project object */;
			proxyType = 1;
			remoteGlobalIDString = 50916ED1218B02BB0064A190;
			remoteInfo = "iTransfert Renamer";
		};
/* End PBXContainerItemProxy section */

/* Begin PBXFileReference section */
		2FAC1AFA948639579B706340 /* Pods-iTransfert RenamerTests.release.xcconfig */ = {isa = PBXFileReference; includeInIndex = 1; lastKnownFileType = text.xcconfig; name = "Pods-iTransfert RenamerTests.release.xcconfig"; path = "Pods/Target Support Files/Pods-iTransfert RenamerTests/Pods-iTransfert RenamerTests.release.xcconfig"; sourceTree = "<group>"; };
		463D43B082613BED8CA80228 /* Pods_iTransfert_RenamerUITests.framework */ = {isa = PBXFileReference; explicitFileType = wrapper.framework; includeInIndex = 0; path = Pods_iTransfert_RenamerUITests.framework; sourceTree = BUILT_PRODUCTS_DIR; };
		500CF464AF34B73837D68EB4 /* Pods_iTransfert_Renamer.framework */ = {isa = PBXFileReference; explicitFileType = wrapper.framework; includeInIndex = 0; path = Pods_iTransfert_Renamer.framework; sourceTree = BUILT_PRODUCTS_DIR; };
		5048B479218B101E0089BF2B /* DragView.swift */ = {isa = PBXFileReference; lastKnownFileType = sourcecode.swift; path = DragView.swift; sourceTree = "<group>"; };
		5074FABA2190FE2000C56885 /* iTransfert Renamer.entitlements */ = {isa = PBXFileReference; lastKnownFileType = text.plist.entitlements; path = "iTransfert Renamer.entitlements"; sourceTree = "<group>"; };
		50916ED2218B02BB0064A190 /* iTransfert Renamer.app */ = {isa = PBXFileReference; explicitFileType = wrapper.application; includeInIndex = 0; path = "iTransfert Renamer.app"; sourceTree = BUILT_PRODUCTS_DIR; };
		50916ED5218B02BB0064A190 /* AppDelegate.swift */ = {isa = PBXFileReference; lastKnownFileType = sourcecode.swift; path = AppDelegate.swift; sourceTree = "<group>"; };
		50916ED7218B02BB0064A190 /* HomeViewController.swift */ = {isa = PBXFileReference; lastKnownFileType = sourcecode.swift; path = HomeViewController.swift; sourceTree = "<group>"; };
		50916ED9218B02BC0064A190 /* Assets.xcassets */ = {isa = PBXFileReference; lastKnownFileType = folder.assetcatalog; path = Assets.xcassets; sourceTree = "<group>"; };
		50916EDC218B02BC0064A190 /* Base */ = {isa = PBXFileReference; lastKnownFileType = file.storyboard; name = Base; path = Base.lproj/Main.storyboard; sourceTree = "<group>"; };
		50916EDE218B02BC0064A190 /* Info.plist */ = {isa = PBXFileReference; lastKnownFileType = text.plist.xml; path = Info.plist; sourceTree = "<group>"; };
		50916EDF218B02BC0064A190 /* iTransfert_Renamer.entitlements */ = {isa = PBXFileReference; lastKnownFileType = text.plist.entitlements; path = iTransfert_Renamer.entitlements; sourceTree = "<group>"; };
		50916EE4218B02BC0064A190 /* iTransfert RenamerTests.xctest */ = {isa = PBXFileReference; explicitFileType = wrapper.cfbundle; includeInIndex = 0; path = "iTransfert RenamerTests.xctest"; sourceTree = BUILT_PRODUCTS_DIR; };
		50916EE8218B02BC0064A190 /* iTransfert_RenamerTests.swift */ = {isa = PBXFileReference; lastKnownFileType = sourcecode.swift; path = iTransfert_RenamerTests.swift; sourceTree = "<group>"; };
		50916EEA218B02BC0064A190 /* Info.plist */ = {isa = PBXFileReference; lastKnownFileType = text.plist.xml; path = Info.plist; sourceTree = "<group>"; };
		50916EEF218B02BC0064A190 /* iTransfert RenamerUITests.xctest */ = {isa = PBXFileReference; explicitFileType = wrapper.cfbundle; includeInIndex = 0; path = "iTransfert RenamerUITests.xctest"; sourceTree = BUILT_PRODUCTS_DIR; };
		50916EF3218B02BC0064A190 /* iTransfert_RenamerUITests.swift */ = {isa = PBXFileReference; lastKnownFileType = sourcecode.swift; path = iTransfert_RenamerUITests.swift; sourceTree = "<group>"; };
		50916EF5218B02BC0064A190 /* Info.plist */ = {isa = PBXFileReference; lastKnownFileType = text.plist.xml; path = Info.plist; sourceTree = "<group>"; };
		50CA417521971D0E00D5E179 /* SYFlatButton.m */ = {isa = PBXFileReference; lastKnownFileType = sourcecode.c.objc; path = SYFlatButton.m; sourceTree = "<group>"; };
		50CA417621971D0F00D5E179 /* SYFlatButton.h */ = {isa = PBXFileReference; lastKnownFileType = sourcecode.c.h; path = SYFlatButton.h; sourceTree = "<group>"; };
		6B6F81F53EDF832B5787DC58 /* Pods-iTransfert Renamer.debug.xcconfig */ = {isa = PBXFileReference; includeInIndex = 1; lastKnownFileType = text.xcconfig; name = "Pods-iTransfert Renamer.debug.xcconfig"; path = "Pods/Target Support Files/Pods-iTransfert Renamer/Pods-iTransfert Renamer.debug.xcconfig"; sourceTree = "<group>"; };
		AB3A082453843FAAD876376F /* Pods-iTransfert Renamer.release.xcconfig */ = {isa = PBXFileReference; includeInIndex = 1; lastKnownFileType = text.xcconfig; name = "Pods-iTransfert Renamer.release.xcconfig"; path = "Pods/Target Support Files/Pods-iTransfert Renamer/Pods-iTransfert Renamer.release.xcconfig"; sourceTree = "<group>"; };
		C51F245A52D53E3F597387AC /* Pods-iTransfert RenamerUITests.debug.xcconfig */ = {isa = PBXFileReference; includeInIndex = 1; lastKnownFileType = text.xcconfig; name = "Pods-iTransfert RenamerUITests.debug.xcconfig"; path = "Pods/Target Support Files/Pods-iTransfert RenamerUITests/Pods-iTransfert RenamerUITests.debug.xcconfig"; sourceTree = "<group>"; };
		CCA36FAEACB399E2955CDE35 /* Pods-iTransfert RenamerTests.debug.xcconfig */ = {isa = PBXFileReference; includeInIndex = 1; lastKnownFileType = text.xcconfig; name = "Pods-iTransfert RenamerTests.debug.xcconfig"; path = "Pods/Target Support Files/Pods-iTransfert RenamerTests/Pods-iTransfert RenamerTests.debug.xcconfig"; sourceTree = "<group>"; };
		ED2EF1371B7C986B24D6672C /* Pods-iTransfert RenamerUITests.release.xcconfig */ = {isa = PBXFileReference; includeInIndex = 1; lastKnownFileType = text.xcconfig; name = "Pods-iTransfert RenamerUITests.release.xcconfig"; path = "Pods/Target Support Files/Pods-iTransfert RenamerUITests/Pods-iTransfert RenamerUITests.release.xcconfig"; sourceTree = "<group>"; };
		F27963EB01179CED6B57E2B1 /* Pods_iTransfert_RenamerTests.framework */ = {isa = PBXFileReference; explicitFileType = wrapper.framework; includeInIndex = 0; path = Pods_iTransfert_RenamerTests.framework; sourceTree = BUILT_PRODUCTS_DIR; };
/* End PBXFileReference section */

/* Begin PBXFrameworksBuildPhase section */
		50916ECF218B02BB0064A190 /* Frameworks */ = {
			isa = PBXFrameworksBuildPhase;
			buildActionMask = 2147483647;
			files = (
				8758855BF20015EC2EE75985 /* Pods_iTransfert_Renamer.framework in Frameworks */,
			);
			runOnlyForDeploymentPostprocessing = 0;
		};
		50916EE1218B02BC0064A190 /* Frameworks */ = {
			isa = PBXFrameworksBuildPhase;
			buildActionMask = 2147483647;
			files = (
				B3AD4EB1B9606D60D5ADB445 /* Pods_iTransfert_RenamerTests.framework in Frameworks */,
			);
			runOnlyForDeploymentPostprocessing = 0;
		};
		50916EEC218B02BC0064A190 /* Frameworks */ = {
			isa = PBXFrameworksBuildPhase;
			buildActionMask = 2147483647;
			files = (
				289B98EE1B83658175780792 /* Pods_iTransfert_RenamerUITests.framework in Frameworks */,
			);
			runOnlyForDeploymentPostprocessing = 0;
		};
/* End PBXFrameworksBuildPhase section */

/* Begin PBXGroup section */
		218352FF90A6BD0FE53A8EA7 /* Pods */ = {
			isa = PBXGroup;
			children = (
				6B6F81F53EDF832B5787DC58 /* Pods-iTransfert Renamer.debug.xcconfig */,
				AB3A082453843FAAD876376F /* Pods-iTransfert Renamer.release.xcconfig */,
				CCA36FAEACB399E2955CDE35 /* Pods-iTransfert RenamerTests.debug.xcconfig */,
				2FAC1AFA948639579B706340 /* Pods-iTransfert RenamerTests.release.xcconfig */,
				C51F245A52D53E3F597387AC /* Pods-iTransfert RenamerUITests.debug.xcconfig */,
				ED2EF1371B7C986B24D6672C /* Pods-iTransfert RenamerUITests.release.xcconfig */,
			);
			name = Pods;
			sourceTree = "<group>";
		};
		351CAC1C140E560703BBD08A /* Frameworks */ = {
			isa = PBXGroup;
			children = (
				500CF464AF34B73837D68EB4 /* Pods_iTransfert_Renamer.framework */,
				F27963EB01179CED6B57E2B1 /* Pods_iTransfert_RenamerTests.framework */,
				463D43B082613BED8CA80228 /* Pods_iTransfert_RenamerUITests.framework */,
			);
			name = Frameworks;
			sourceTree = "<group>";
		};
		50916EC9218B02BB0064A190 = {
			isa = PBXGroup;
			children = (
				50916ED4218B02BB0064A190 /* iTransfert Renamer */,
				50916EE7218B02BC0064A190 /* iTransfert RenamerTests */,
				50916EF2218B02BC0064A190 /* iTransfert RenamerUITests */,
				50916ED3218B02BB0064A190 /* Products */,
				218352FF90A6BD0FE53A8EA7 /* Pods */,
				351CAC1C140E560703BBD08A /* Frameworks */,
			);
			sourceTree = "<group>";
		};
		50916ED3218B02BB0064A190 /* Products */ = {
			isa = PBXGroup;
			children = (
				50916ED2218B02BB0064A190 /* iTransfert Renamer.app */,
				50916EE4218B02BC0064A190 /* iTransfert RenamerTests.xctest */,
				50916EEF218B02BC0064A190 /* iTransfert RenamerUITests.xctest */,
			);
			name = Products;
			sourceTree = "<group>";
		};
		50916ED4218B02BB0064A190 /* iTransfert Renamer */ = {
			isa = PBXGroup;
			children = (
				50CA417621971D0F00D5E179 /* SYFlatButton.h */,
				50CA417521971D0E00D5E179 /* SYFlatButton.m */,
				5074FABA2190FE2000C56885 /* iTransfert Renamer.entitlements */,
				5048B479218B101E0089BF2B /* DragView.swift */,
				50916ED5218B02BB0064A190 /* AppDelegate.swift */,
				50916ED7218B02BB0064A190 /* HomeViewController.swift */,
				50916ED9218B02BC0064A190 /* Assets.xcassets */,
				50916EDB218B02BC0064A190 /* Main.storyboard */,
				50916EDE218B02BC0064A190 /* Info.plist */,
				50916EDF218B02BC0064A190 /* iTransfert_Renamer.entitlements */,
			);
			path = "iTransfert Renamer";
			sourceTree = "<group>";
		};
		50916EE7218B02BC0064A190 /* iTransfert RenamerTests */ = {
			isa = PBXGroup;
			children = (
				50916EE8218B02BC0064A190 /* iTransfert_RenamerTests.swift */,
				50916EEA218B02BC0064A190 /* Info.plist */,
			);
			path = "iTransfert RenamerTests";
			sourceTree = "<group>";
		};
		50916EF2218B02BC0064A190 /* iTransfert RenamerUITests */ = {
			isa = PBXGroup;
			children = (
				50916EF3218B02BC0064A190 /* iTransfert_RenamerUITests.swift */,
				50916EF5218B02BC0064A190 /* Info.plist */,
			);
			path = "iTransfert RenamerUITests";
			sourceTree = "<group>";
		};
/* End PBXGroup section */

/* Begin PBXNativeTarget section */
		50916ED1218B02BB0064A190 /* iTransfert Renamer */ = {
			isa = PBXNativeTarget;
			buildConfigurationList = 50916EF8218B02BC0064A190 /* Build configuration list for PBXNativeTarget "iTransfert Renamer" */;
			buildPhases = (
				E13116DC342639339CC5C4A5 /* [CP] Check Pods Manifest.lock */,
				50916ECE218B02BB0064A190 /* Sources */,
				50916ECF218B02BB0064A190 /* Frameworks */,
				50916ED0218B02BB0064A190 /* Resources */,
				A6DA6D1720D04CC4EE0A5A50 /* [CP] Embed Pods Frameworks */,
			);
			buildRules = (
			);
			dependencies = (
			);
			name = "iTransfert Renamer";
			productName = "iTransfert Renamer";
			productReference = 50916ED2218B02BB0064A190 /* iTransfert Renamer.app */;
			productType = "com.apple.product-type.application";
		};
		50916EE3218B02BC0064A190 /* iTransfert RenamerTests */ = {
			isa = PBXNativeTarget;
			buildConfigurationList = 50916EFB218B02BC0064A190 /* Build configuration list for PBXNativeTarget "iTransfert RenamerTests" */;
			buildPhases = (
				555DF044675FA38F8D621715 /* [CP] Check Pods Manifest.lock */,
				50916EE0218B02BC0064A190 /* Sources */,
				50916EE1218B02BC0064A190 /* Frameworks */,
				50916EE2218B02BC0064A190 /* Resources */,
				4EB5CA1161D39EDCAAC0B86A /* [CP] Embed Pods Frameworks */,
			);
			buildRules = (
			);
			dependencies = (
				50916EE6218B02BC0064A190 /* PBXTargetDependency */,
			);
			name = "iTransfert RenamerTests";
			productName = "iTransfert RenamerTests";
			productReference = 50916EE4218B02BC0064A190 /* iTransfert RenamerTests.xctest */;
			productType = "com.apple.product-type.bundle.unit-test";
		};
		50916EEE218B02BC0064A190 /* iTransfert RenamerUITests */ = {
			isa = PBXNativeTarget;
			buildConfigurationList = 50916EFE218B02BC0064A190 /* Build configuration list for PBXNativeTarget "iTransfert RenamerUITests" */;
			buildPhases = (
				A55FF56D52F6BAF323D5CFF5 /* [CP] Check Pods Manifest.lock */,
				50916EEB218B02BC0064A190 /* Sources */,
				50916EEC218B02BC0064A190 /* Frameworks */,
				50916EED218B02BC0064A190 /* Resources */,
				A473B3A46081168B2DC95191 /* [CP] Embed Pods Frameworks */,
			);
			buildRules = (
			);
			dependencies = (
				50916EF1218B02BC0064A190 /* PBXTargetDependency */,
			);
			name = "iTransfert RenamerUITests";
			productName = "iTransfert RenamerUITests";
			productReference = 50916EEF218B02BC0064A190 /* iTransfert RenamerUITests.xctest */;
			productType = "com.apple.product-type.bundle.ui-testing";
		};
/* End PBXNativeTarget section */

/* Begin PBXProject section */
		50916ECA218B02BB0064A190 /* Project object */ = {
			isa = PBXProject;
			attributes = {
				LastSwiftUpdateCheck = 0940;
				LastUpgradeCheck = 0940;
				ORGANIZATIONNAME = "France Televisions";
				TargetAttributes = {
					50916ED1218B02BB0064A190 = {
						CreatedOnToolsVersion = 9.4.1;
						SystemCapabilities = {
							com.apple.Sandbox = {
								enabled = 0;
							};
						};
					};
					50916EE3218B02BC0064A190 = {
						CreatedOnToolsVersion = 9.4.1;
						TestTargetID = 50916ED1218B02BB0064A190;
					};
					50916EEE218B02BC0064A190 = {
						CreatedOnToolsVersion = 9.4.1;
						TestTargetID = 50916ED1218B02BB0064A190;
					};
				};
			};
			buildConfigurationList = 50916ECD218B02BB0064A190 /* Build configuration list for PBXProject "iTransfert Renamer" */;
			compatibilityVersion = "Xcode 9.3";
			developmentRegion = en;
			hasScannedForEncodings = 0;
			knownRegions = (
				en,
				Base,
			);
			mainGroup = 50916EC9218B02BB0064A190;
			productRefGroup = 50916ED3218B02BB0064A190 /* Products */;
			projectDirPath = "";
			projectRoot = "";
			targets = (
				50916ED1218B02BB0064A190 /* iTransfert Renamer */,
				50916EE3218B02BC0064A190 /* iTransfert RenamerTests */,
				50916EEE218B02BC0064A190 /* iTransfert RenamerUITests */,
			);
		};
/* End PBXProject section */

/* Begin PBXResourcesBuildPhase section */
		50916ED0218B02BB0064A190 /* Resources */ = {
			isa = PBXResourcesBuildPhase;
			buildActionMask = 2147483647;
			files = (
				50916EDA218B02BC0064A190 /* Assets.xcassets in Resources */,
				50916EDD218B02BC0064A190 /* Main.storyboard in Resources */,
			);
			runOnlyForDeploymentPostprocessing = 0;
		};
		50916EE2218B02BC0064A190 /* Resources */ = {
			isa = PBXResourcesBuildPhase;
			buildActionMask = 2147483647;
			files = (
			);
			runOnlyForDeploymentPostprocessing = 0;
		};
		50916EED218B02BC0064A190 /* Resources */ = {
			isa = PBXResourcesBuildPhase;
			buildActionMask = 2147483647;
			files = (
			);
			runOnlyForDeploymentPostprocessing = 0;
		};
/* End PBXResourcesBuildPhase section */

/* Begin PBXShellScriptBuildPhase section */
		4EB5CA1161D39EDCAAC0B86A /* [CP] Embed Pods Frameworks */ = {
			isa = PBXShellScriptBuildPhase;
			buildActionMask = 2147483647;
			files = (
			);
			inputPaths = (
				"${SRCROOT}/Pods/Target Support Files/Pods-iTransfert RenamerTests/Pods-iTransfert RenamerTests-frameworks.sh",
				"${BUILT_PRODUCTS_DIR}/SYFlatButton/SYFlatButton.framework",
			);
			name = "[CP] Embed Pods Frameworks";
			outputPaths = (
				"${TARGET_BUILD_DIR}/${FRAMEWORKS_FOLDER_PATH}/SYFlatButton.framework",
			);
			runOnlyForDeploymentPostprocessing = 0;
			shellPath = /bin/sh;
			shellScript = "\"${SRCROOT}/Pods/Target Support Files/Pods-iTransfert RenamerTests/Pods-iTransfert RenamerTests-frameworks.sh\"\n";
			showEnvVarsInLog = 0;
		};
		555DF044675FA38F8D621715 /* [CP] Check Pods Manifest.lock */ = {
			isa = PBXShellScriptBuildPhase;
			buildActionMask = 2147483647;
			files = (
			);
			inputPaths = (
				"${PODS_PODFILE_DIR_PATH}/Podfile.lock",
				"${PODS_ROOT}/Manifest.lock",
			);
			name = "[CP] Check Pods Manifest.lock";
			outputPaths = (
				"$(DERIVED_FILE_DIR)/Pods-iTransfert RenamerTests-checkManifestLockResult.txt",
			);
			runOnlyForDeploymentPostprocessing = 0;
			shellPath = /bin/sh;
			shellScript = "diff \"${PODS_PODFILE_DIR_PATH}/Podfile.lock\" \"${PODS_ROOT}/Manifest.lock\" > /dev/null\nif [ $? != 0 ] ; then\n    # print error to STDERR\n    echo \"error: The sandbox is not in sync with the Podfile.lock. Run 'pod install' or update your CocoaPods installation.\" >&2\n    exit 1\nfi\n# This output is used by Xcode 'outputs' to avoid re-running this script phase.\necho \"SUCCESS\" > \"${SCRIPT_OUTPUT_FILE_0}\"\n";
			showEnvVarsInLog = 0;
		};
		A473B3A46081168B2DC95191 /* [CP] Embed Pods Frameworks */ = {
			isa = PBXShellScriptBuildPhase;
			buildActionMask = 2147483647;
			files = (
			);
			inputPaths = (
				"${SRCROOT}/Pods/Target Support Files/Pods-iTransfert RenamerUITests/Pods-iTransfert RenamerUITests-frameworks.sh",
				"${BUILT_PRODUCTS_DIR}/SYFlatButton/SYFlatButton.framework",
			);
			name = "[CP] Embed Pods Frameworks";
			outputPaths = (
				"${TARGET_BUILD_DIR}/${FRAMEWORKS_FOLDER_PATH}/SYFlatButton.framework",
			);
			runOnlyForDeploymentPostprocessing = 0;
			shellPath = /bin/sh;
			shellScript = "\"${SRCROOT}/Pods/Target Support Files/Pods-iTransfert RenamerUITests/Pods-iTransfert RenamerUITests-frameworks.sh\"\n";
			showEnvVarsInLog = 0;
		};
		A55FF56D52F6BAF323D5CFF5 /* [CP] Check Pods Manifest.lock */ = {
			isa = PBXShellScriptBuildPhase;
			buildActionMask = 2147483647;
			files = (
			);
			inputPaths = (
				"${PODS_PODFILE_DIR_PATH}/Podfile.lock",
				"${PODS_ROOT}/Manifest.lock",
			);
			name = "[CP] Check Pods Manifest.lock";
			outputPaths = (
				"$(DERIVED_FILE_DIR)/Pods-iTransfert RenamerUITests-checkManifestLockResult.txt",
			);
			runOnlyForDeploymentPostprocessing = 0;
			shellPath = /bin/sh;
			shellScript = "diff \"${PODS_PODFILE_DIR_PATH}/Podfile.lock\" \"${PODS_ROOT}/Manifest.lock\" > /dev/null\nif [ $? != 0 ] ; then\n    # print error to STDERR\n    echo \"error: The sandbox is not in sync with the Podfile.lock. Run 'pod install' or update your CocoaPods installation.\" >&2\n    exit 1\nfi\n# This output is used by Xcode 'outputs' to avoid re-running this script phase.\necho \"SUCCESS\" > \"${SCRIPT_OUTPUT_FILE_0}\"\n";
			showEnvVarsInLog = 0;
		};
		A6DA6D1720D04CC4EE0A5A50 /* [CP] Embed Pods Frameworks */ = {
			isa = PBXShellScriptBuildPhase;
			buildActionMask = 2147483647;
			files = (
			);
			inputPaths = (
				"${SRCROOT}/Pods/Target Support Files/Pods-iTransfert Renamer/Pods-iTransfert Renamer-frameworks.sh",
				"${BUILT_PRODUCTS_DIR}/SYFlatButton/SYFlatButton.framework",
			);
			name = "[CP] Embed Pods Frameworks";
			outputPaths = (
				"${TARGET_BUILD_DIR}/${FRAMEWORKS_FOLDER_PATH}/SYFlatButton.framework",
			);
			runOnlyForDeploymentPostprocessing = 0;
			shellPath = /bin/sh;
			shellScript = "\"${SRCROOT}/Pods/Target Support Files/Pods-iTransfert Renamer/Pods-iTransfert Renamer-frameworks.sh\"\n";
			showEnvVarsInLog = 0;
		};
		E13116DC342639339CC5C4A5 /* [CP] Check Pods Manifest.lock */ = {
			isa = PBXShellScriptBuildPhase;
			buildActionMask = 2147483647;
			files = (
			);
			inputPaths = (
				"${PODS_PODFILE_DIR_PATH}/Podfile.lock",
				"${PODS_ROOT}/Manifest.lock",
			);
			name = "[CP] Check Pods Manifest.lock";
			outputPaths = (
				"$(DERIVED_FILE_DIR)/Pods-iTransfert Renamer-checkManifestLockResult.txt",
			);
			runOnlyForDeploymentPostprocessing = 0;
			shellPath = /bin/sh;
			shellScript = "diff \"${PODS_PODFILE_DIR_PATH}/Podfile.lock\" \"${PODS_ROOT}/Manifest.lock\" > /dev/null\nif [ $? != 0 ] ; then\n    # print error to STDERR\n    echo \"error: The sandbox is not in sync with the Podfile.lock. Run 'pod install' or update your CocoaPods installation.\" >&2\n    exit 1\nfi\n# This output is used by Xcode 'outputs' to avoid re-running this script phase.\necho \"SUCCESS\" > \"${SCRIPT_OUTPUT_FILE_0}\"\n";
			showEnvVarsInLog = 0;
		};
/* End PBXShellScriptBuildPhase section */

/* Begin PBXSourcesBuildPhase section */
		50916ECE218B02BB0064A190 /* Sources */ = {
			isa = PBXSourcesBuildPhase;
			buildActionMask = 2147483647;
			files = (
				50CA417721971D0F00D5E179 /* SYFlatButton.m in Sources */,
				50916ED8218B02BB0064A190 /* HomeViewController.swift in Sources */,
				50916ED6218B02BB0064A190 /* AppDelegate.swift in Sources */,
				5048B47A218B101E0089BF2B /* DragView.swift in Sources */,
			);
			runOnlyForDeploymentPostprocessing = 0;
		};
		50916EE0218B02BC0064A190 /* Sources */ = {
			isa = PBXSourcesBuildPhase;
			buildActionMask = 2147483647;
			files = (
				50916EE9218B02BC0064A190 /* iTransfert_RenamerTests.swift in Sources */,
			);
			runOnlyForDeploymentPostprocessing = 0;
		};
		50916EEB218B02BC0064A190 /* Sources */ = {
			isa = PBXSourcesBuildPhase;
			buildActionMask = 2147483647;
			files = (
				50916EF4218B02BC0064A190 /* iTransfert_RenamerUITests.swift in Sources */,
			);
			runOnlyForDeploymentPostprocessing = 0;
		};
/* End PBXSourcesBuildPhase section */

/* Begin PBXTargetDependency section */
		50916EE6218B02BC0064A190 /* PBXTargetDependency */ = {
			isa = PBXTargetDependency;
			target = 50916ED1218B02BB0064A190 /* iTransfert Renamer */;
			targetProxy = 50916EE5218B02BC0064A190 /* PBXContainerItemProxy */;
		};
		50916EF1218B02BC0064A190 /* PBXTargetDependency */ = {
			isa = PBXTargetDependency;
			target = 50916ED1218B02BB0064A190 /* iTransfert Renamer */;
			targetProxy = 50916EF0218B02BC0064A190 /* PBXContainerItemProxy */;
		};
/* End PBXTargetDependency section */

/* Begin PBXVariantGroup section */
		50916EDB218B02BC0064A190 /* Main.storyboard */ = {
			isa = PBXVariantGroup;
			children = (
				50916EDC218B02BC0064A190 /* Base */,
			);
			name = Main.storyboard;
			sourceTree = "<group>";
		};
/* End PBXVariantGroup section */

/* Begin XCBuildConfiguration section */
		50916EF6218B02BC0064A190 /* Debug */ = {
			isa = XCBuildConfiguration;
			buildSettings = {
				ALWAYS_SEARCH_USER_PATHS = NO;
				CLANG_ANALYZER_NONNULL = YES;
				CLANG_ANALYZER_NUMBER_OBJECT_CONVERSION = YES_AGGRESSIVE;
				CLANG_CXX_LANGUAGE_STANDARD = "gnu++14";
				CLANG_CXX_LIBRARY = "libc++";
				CLANG_ENABLE_MODULES = YES;
				CLANG_ENABLE_OBJC_ARC = YES;
				CLANG_ENABLE_OBJC_WEAK = YES;
				CLANG_WARN_BLOCK_CAPTURE_AUTORELEASING = YES;
				CLANG_WARN_BOOL_CONVERSION = YES;
				CLANG_WARN_COMMA = YES;
				CLANG_WARN_CONSTANT_CONVERSION = YES;
				CLANG_WARN_DEPRECATED_OBJC_IMPLEMENTATIONS = YES;
				CLANG_WARN_DIRECT_OBJC_ISA_USAGE = YES_ERROR;
				CLANG_WARN_DOCUMENTATION_COMMENTS = YES;
				CLANG_WARN_EMPTY_BODY = YES;
				CLANG_WARN_ENUM_CONVERSION = YES;
				CLANG_WARN_INFINITE_RECURSION = YES;
				CLANG_WARN_INT_CONVERSION = YES;
				CLANG_WARN_NON_LITERAL_NULL_CONVERSION = YES;
				CLANG_WARN_OBJC_IMPLICIT_RETAIN_SELF = YES;
				CLANG_WARN_OBJC_LITERAL_CONVERSION = YES;
				CLANG_WARN_OBJC_ROOT_CLASS = YES_ERROR;
				CLANG_WARN_RANGE_LOOP_ANALYSIS = YES;
				CLANG_WARN_STRICT_PROTOTYPES = YES;
				CLANG_WARN_SUSPICIOUS_MOVE = YES;
				CLANG_WARN_UNGUARDED_AVAILABILITY = YES_AGGRESSIVE;
				CLANG_WARN_UNREACHABLE_CODE = YES;
				CLANG_WARN__DUPLICATE_METHOD_MATCH = YES;
				CODE_SIGN_IDENTITY = "-";
				COPY_PHASE_STRIP = NO;
				DEBUG_INFORMATION_FORMAT = dwarf;
				ENABLE_STRICT_OBJC_MSGSEND = YES;
				ENABLE_TESTABILITY = YES;
				GCC_C_LANGUAGE_STANDARD = gnu11;
				GCC_DYNAMIC_NO_PIC = NO;
				GCC_NO_COMMON_BLOCKS = YES;
				GCC_OPTIMIZATION_LEVEL = 0;
				GCC_PREPROCESSOR_DEFINITIONS = (
					"DEBUG=1",
					"$(inherited)",
				);
				GCC_WARN_64_TO_32_BIT_CONVERSION = YES;
				GCC_WARN_ABOUT_RETURN_TYPE = YES_ERROR;
				GCC_WARN_UNDECLARED_SELECTOR = YES;
				GCC_WARN_UNINITIALIZED_AUTOS = YES_AGGRESSIVE;
				GCC_WARN_UNUSED_FUNCTION = YES;
				GCC_WARN_UNUSED_VARIABLE = YES;
				MACOSX_DEPLOYMENT_TARGET = 10.13;
				MTL_ENABLE_DEBUG_INFO = YES;
				ONLY_ACTIVE_ARCH = YES;
				SDKROOT = macosx;
				SWIFT_ACTIVE_COMPILATION_CONDITIONS = DEBUG;
				SWIFT_OPTIMIZATION_LEVEL = "-Onone";
			};
			name = Debug;
		};
		50916EF7218B02BC0064A190 /* Release */ = {
			isa = XCBuildConfiguration;
			buildSettings = {
				ALWAYS_SEARCH_USER_PATHS = NO;
				CLANG_ANALYZER_NONNULL = YES;
				CLANG_ANALYZER_NUMBER_OBJECT_CONVERSION = YES_AGGRESSIVE;
				CLANG_CXX_LANGUAGE_STANDARD = "gnu++14";
				CLANG_CXX_LIBRARY = "libc++";
				CLANG_ENABLE_MODULES = YES;
				CLANG_ENABLE_OBJC_ARC = YES;
				CLANG_ENABLE_OBJC_WEAK = YES;
				CLANG_WARN_BLOCK_CAPTURE_AUTORELEASING = YES;
				CLANG_WARN_BOOL_CONVERSION = YES;
				CLANG_WARN_COMMA = YES;
				CLANG_WARN_CONSTANT_CONVERSION = YES;
				CLANG_WARN_DEPRECATED_OBJC_IMPLEMENTATIONS = YES;
				CLANG_WARN_DIRECT_OBJC_ISA_USAGE = YES_ERROR;
				CLANG_WARN_DOCUMENTATION_COMMENTS = YES;
				CLANG_WARN_EMPTY_BODY = YES;
				CLANG_WARN_ENUM_CONVERSION = YES;
				CLANG_WARN_INFINITE_RECURSION = YES;
				CLANG_WARN_INT_CONVERSION = YES;
				CLANG_WARN_NON_LITERAL_NULL_CONVERSION = YES;
				CLANG_WARN_OBJC_IMPLICIT_RETAIN_SELF = YES;
				CLANG_WARN_OBJC_LITERAL_CONVERSION = YES;
				CLANG_WARN_OBJC_ROOT_CLASS = YES_ERROR;
				CLANG_WARN_RANGE_LOOP_ANALYSIS = YES;
				CLANG_WARN_STRICT_PROTOTYPES = YES;
				CLANG_WARN_SUSPICIOUS_MOVE = YES;
				CLANG_WARN_UNGUARDED_AVAILABILITY = YES_AGGRESSIVE;
				CLANG_WARN_UNREACHABLE_CODE = YES;
				CLANG_WARN__DUPLICATE_METHOD_MATCH = YES;
				CODE_SIGN_IDENTITY = "-";
				COPY_PHASE_STRIP = NO;
				DEBUG_INFORMATION_FORMAT = "dwarf-with-dsym";
				ENABLE_NS_ASSERTIONS = NO;
				ENABLE_STRICT_OBJC_MSGSEND = YES;
				GCC_C_LANGUAGE_STANDARD = gnu11;
				GCC_NO_COMMON_BLOCKS = YES;
				GCC_WARN_64_TO_32_BIT_CONVERSION = YES;
				GCC_WARN_ABOUT_RETURN_TYPE = YES_ERROR;
				GCC_WARN_UNDECLARED_SELECTOR = YES;
				GCC_WARN_UNINITIALIZED_AUTOS = YES_AGGRESSIVE;
				GCC_WARN_UNUSED_FUNCTION = YES;
				GCC_WARN_UNUSED_VARIABLE = YES;
				MACOSX_DEPLOYMENT_TARGET = 10.13;
				MTL_ENABLE_DEBUG_INFO = NO;
				SDKROOT = macosx;
				SWIFT_COMPILATION_MODE = wholemodule;
				SWIFT_OPTIMIZATION_LEVEL = "-O";
			};
			name = Release;
		};
		50916EF9218B02BC0064A190 /* Debug */ = {
			isa = XCBuildConfiguration;
			baseConfigurationReference = 6B6F81F53EDF832B5787DC58 /* Pods-iTransfert Renamer.debug.xcconfig */;
			buildSettings = {
				ASSETCATALOG_COMPILER_APPICON_NAME = AppIcon;
				CODE_SIGN_STYLE = Automatic;
				COMBINE_HIDPI_IMAGES = YES;
				INFOPLIST_FILE = "iTransfert Renamer/Info.plist";
				LD_RUNPATH_SEARCH_PATHS = (
					"$(inherited)",
					"@executable_path/../Frameworks",
				);
				MACOSX_DEPLOYMENT_TARGET = 10.13;
				PRODUCT_BUNDLE_IDENTIFIER = "ftv.iTransfert-Renamer";
				PRODUCT_NAME = "$(TARGET_NAME)";
				SWIFT_VERSION = 3.0;
			};
			name = Debug;
		};
		50916EFA218B02BC0064A190 /* Release */ = {
			isa = XCBuildConfiguration;
			baseConfigurationReference = AB3A082453843FAAD876376F /* Pods-iTransfert Renamer.release.xcconfig */;
			buildSettings = {
				ASSETCATALOG_COMPILER_APPICON_NAME = AppIcon;
				CODE_SIGN_STYLE = Automatic;
				COMBINE_HIDPI_IMAGES = YES;
				INFOPLIST_FILE = "iTransfert Renamer/Info.plist";
				LD_RUNPATH_SEARCH_PATHS = (
					"$(inherited)",
					"@executable_path/../Frameworks",
				);
				MACOSX_DEPLOYMENT_TARGET = 10.13;
				PRODUCT_BUNDLE_IDENTIFIER = "ftv.iTransfert-Renamer";
				PRODUCT_NAME = "$(TARGET_NAME)";
				SWIFT_VERSION = 3.0;
			};
			name = Release;
		};
		50916EFC218B02BC0064A190 /* Debug */ = {
			isa = XCBuildConfiguration;
			baseConfigurationReference = CCA36FAEACB399E2955CDE35 /* Pods-iTransfert RenamerTests.debug.xcconfig */;
			buildSettings = {
				ALWAYS_EMBED_SWIFT_STANDARD_LIBRARIES = YES;
				BUNDLE_LOADER = "$(TEST_HOST)";
				CODE_SIGN_STYLE = Automatic;
				COMBINE_HIDPI_IMAGES = YES;
				INFOPLIST_FILE = "iTransfert RenamerTests/Info.plist";
				LD_RUNPATH_SEARCH_PATHS = (
					"$(inherited)",
					"@executable_path/../Frameworks",
					"@loader_path/../Frameworks",
				);
				PRODUCT_BUNDLE_IDENTIFIER = "ftv.iTransfert-RenamerTests";
				PRODUCT_NAME = "$(TARGET_NAME)";
				SWIFT_VERSION = 4.0;
				TEST_HOST = "$(BUILT_PRODUCTS_DIR)/iTransfert Renamer.app/Contents/MacOS/iTransfert Renamer";
			};
			name = Debug;
		};
		50916EFD218B02BC0064A190 /* Release */ = {
			isa = XCBuildConfiguration;
			baseConfigurationReference = 2FAC1AFA948639579B706340 /* Pods-iTransfert RenamerTests.release.xcconfig */;
			buildSettings = {
				ALWAYS_EMBED_SWIFT_STANDARD_LIBRARIES = YES;
				BUNDLE_LOADER = "$(TEST_HOST)";
				CODE_SIGN_STYLE = Automatic;
				COMBINE_HIDPI_IMAGES = YES;
				INFOPLIST_FILE = "iTransfert RenamerTests/Info.plist";
				LD_RUNPATH_SEARCH_PATHS = (
					"$(inherited)",
					"@executable_path/../Frameworks",
					"@loader_path/../Frameworks",
				);
				PRODUCT_BUNDLE_IDENTIFIER = "ftv.iTransfert-RenamerTests";
				PRODUCT_NAME = "$(TARGET_NAME)";
				SWIFT_VERSION = 4.0;
				TEST_HOST = "$(BUILT_PRODUCTS_DIR)/iTransfert Renamer.app/Contents/MacOS/iTransfert Renamer";
			};
			name = Release;
		};
		50916EFF218B02BC0064A190 /* Debug */ = {
			isa = XCBuildConfiguration;
			baseConfigurationReference = C51F245A52D53E3F597387AC /* Pods-iTransfert RenamerUITests.debug.xcconfig */;
			buildSettings = {
				ALWAYS_EMBED_SWIFT_STANDARD_LIBRARIES = YES;
				CODE_SIGN_STYLE = Automatic;
				COMBINE_HIDPI_IMAGES = YES;
				INFOPLIST_FILE = "iTransfert RenamerUITests/Info.plist";
				LD_RUNPATH_SEARCH_PATHS = (
					"$(inherited)",
					"@executable_path/../Frameworks",
					"@loader_path/../Frameworks",
				);
				PRODUCT_BUNDLE_IDENTIFIER = "ftv.iTransfert-RenamerUITests";
				PRODUCT_NAME = "$(TARGET_NAME)";
				SWIFT_VERSION = 4.0;
				TEST_TARGET_NAME = "iTransfert Renamer";
			};
			name = Debug;
		};
		50916F00218B02BC0064A190 /* Release */ = {
			isa = XCBuildConfiguration;
			baseConfigurationReference = ED2EF1371B7C986B24D6672C /* Pods-iTransfert RenamerUITests.release.xcconfig */;
			buildSettings = {
				ALWAYS_EMBED_SWIFT_STANDARD_LIBRARIES = YES;
				CODE_SIGN_STYLE = Automatic;
				COMBINE_HIDPI_IMAGES = YES;
				INFOPLIST_FILE = "iTransfert RenamerUITests/Info.plist";
				LD_RUNPATH_SEARCH_PATHS = (
					"$(inherited)",
					"@executable_path/../Frameworks",
					"@loader_path/../Frameworks",
				);
				PRODUCT_BUNDLE_IDENTIFIER = "ftv.iTransfert-RenamerUITests";
				PRODUCT_NAME = "$(TARGET_NAME)";
				SWIFT_VERSION = 4.0;
				TEST_TARGET_NAME = "iTransfert Renamer";
			};
			name = Release;
		};
/* End XCBuildConfiguration section */

/* Begin XCConfigurationList section */
		50916ECD218B02BB0064A190 /* Build configuration list for PBXProject "iTransfert Renamer" */ = {
			isa = XCConfigurationList;
			buildConfigurations = (
				50916EF6218B02BC0064A190 /* Debug */,
				50916EF7218B02BC0064A190 /* Release */,
			);
			defaultConfigurationIsVisible = 0;
			defaultConfigurationName = Release;
		};
		50916EF8218B02BC0064A190 /* Build configuration list for PBXNativeTarget "iTransfert Renamer" */ = {
			isa = XCConfigurationList;
			buildConfigurations = (
				50916EF9218B02BC0064A190 /* Debug */,
				50916EFA218B02BC0064A190 /* Release */,
			);
			defaultConfigurationIsVisible = 0;
			defaultConfigurationName = Release;
		};
		50916EFB218B02BC0064A190 /* Build configuration list for PBXNativeTarget "iTransfert RenamerTests" */ = {
			isa = XCConfigurationList;
			buildConfigurations = (
				50916EFC218B02BC0064A190 /* Debug */,
				50916EFD218B02BC0064A190 /* Release */,
			);
			defaultConfigurationIsVisible = 0;
			defaultConfigurationName = Release;
		};
		50916EFE218B02BC0064A190 /* Build configuration list for PBXNativeTarget "iTransfert RenamerUITests" */ = {
			isa = XCConfigurationList;
			buildConfigurations = (
				50916EFF218B02BC0064A190 /* Debug */,
				50916F00218B02BC0064A190 /* Release */,
			);
			defaultConfigurationIsVisible = 0;
			defaultConfigurationName = Release;
		};
/* End XCConfigurationList section */
	};
	rootObject = 50916ECA218B02BB0064A190 /* Project object */;
}
