// !$*UTF8*$!
{
	archiveVersion = 1;
	classes = {
	};
	objectVersion = 50;
	objects = {

/* Begin PBXBuildFile section */
		5048B47A218B101E0089BF2B /* DragView.swift in Sources */ = {isa = PBXBuildFile; fileRef = 5048B479218B101E0089BF2B /* DragView.swift */; };
		50916ED6218B02BB0064A190 /* AppDelegate.swift in Sources */ = {isa = PBXBuildFile; fileRef = 50916ED5218B02BB0064A190 /* AppDelegate.swift */; };
		50916ED8218B02BB0064A190 /* HomeViewController.swift in Sources */ = {isa = PBXBuildFile; fileRef = 50916ED7218B02BB0064A190 /* HomeViewController.swift */; };
		50916EDA218B02BC0064A190 /* Assets.xcassets in Resources */ = {isa = PBXBuildFile; fileRef = 50916ED9218B02BC0064A190 /* Assets.xcassets */; };
		50916EDD218B02BC0064A190 /* Main.storyboard in Resources */ = {isa = PBXBuildFile; fileRef = 50916EDB218B02BC0064A190 /* Main.storyboard */; };
		50916EE9218B02BC0064A190 /* iTransfert_RenamerTests.swift in Sources */ = {isa = PBXBuildFile; fileRef = 50916EE8218B02BC0064A190 /* iTransfert_RenamerTests.swift */; };
		50916EF4218B02BC0064A190 /* iTransfert_RenamerUITests.swift in Sources */ = {isa = PBXBuildFile; fileRef = 50916EF3218B02BC0064A190 /* iTransfert_RenamerUITests.swift */; };
/* End PBXBuildFile section */

/* Begin PBXContainerItemProxy section */
		50916EE5218B02BC0064A190 /* PBXContainerItemProxy */ = {
			isa = PBXContainerItemProxy;
			containerPortal = 50916ECA218B02BB0064A190 /* Project object */;
			proxyType = 1;
			remoteGlobalIDString = 50916ED1218B02BB0064A190;
			remoteInfo = "iTransfert Renamer";
		};
		50916EF0218B02BC0064A190 /* PBXContainerItemProxy */ = {
			isa = PBXContainerItemProxy;
			containerPortal = 50916ECA218B02BB0064A190 /* Project object */;
			proxyType = 1;
			remoteGlobalIDString = 50916ED1218B02BB0064A190;
			remoteInfo = "iTransfert Renamer";
		};
/* End PBXContainerItemProxy section */

/* Begin PBXFileReference section */
		5048B479218B101E0089BF2B /* DragView.swift */ = {isa = PBXFileReference; lastKnownFileType = sourcecode.swift; path = DragView.swift; sourceTree = "<group>"; };
		5074FABA2190FE2000C56885 /* iTransfert Renamer.entitlements */ = {isa = PBXFileReference; lastKnownFileType = text.plist.entitlements; path = "iTransfert Renamer.entitlements"; sourceTree = "<group>"; };
		50916ED2218B02BB0064A190 /* iTransfert Renamer.app */ = {isa = PBXFileReference; explicitFileType = wrapper.application; includeInIndex = 0; path = "iTransfert Renamer.app"; sourceTree = BUILT_PRODUCTS_DIR; };
		50916ED5218B02BB0064A190 /* AppDelegate.swift */ = {isa = PBXFileReference; lastKnownFileType = sourcecode.swift; path = AppDelegate.swift; sourceTree = "<group>"; };
		50916ED7218B02BB0064A190 /* HomeViewController.swift */ = {isa = PBXFileReference; lastKnownFileType = sourcecode.swift; path = HomeViewController.swift; sourceTree = "<group>"; };
		50916ED9218B02BC0064A190 /* Assets.xcassets */ = {isa = PBXFileReference; lastKnownFileType = folder.assetcatalog; path = Assets.xcassets; sourceTree = "<group>"; };
		50916EDC218B02BC0064A190 /* Base */ = {isa = PBXFileReference; lastKnownFileType = file.storyboard; name = Base; path = Base.lproj/Main.storyboard; sourceTree = "<group>"; };
		50916EDE218B02BC0064A190 /* Info.plist */ = {isa = PBXFileReference; lastKnownFileType = text.plist.xml; path = Info.plist; sourceTree = "<group>"; };
		50916EDF218B02BC0064A190 /* iTransfert_Renamer.entitlements */ = {isa = PBXFileReference; lastKnownFileType = text.plist.entitlements; path = iTransfert_Renamer.entitlements; sourceTree = "<group>"; };
		50916EE4218B02BC0064A190 /* iTransfert RenamerTests.xctest */ = {isa = PBXFileReference; explicitFileType = wrapper.cfbundle; includeInIndex = 0; path = "iTransfert RenamerTests.xctest"; sourceTree = BUILT_PRODUCTS_DIR; };
		50916EE8218B02BC0064A190 /* iTransfert_RenamerTests.swift */ = {isa = PBXFileReference; lastKnownFileType = sourcecode.swift; path = iTransfert_RenamerTests.swift; sourceTree = "<group>"; };
		50916EEA218B02BC0064A190 /* Info.plist */ = {isa = PBXFileReference; lastKnownFileType = text.plist.xml; path = Info.plist; sourceTree = "<group>"; };
		50916EEF218B02BC0064A190 /* iTransfert RenamerUITests.xctest */ = {isa = PBXFileReference; explicitFileType = wrapper.cfbundle; includeInIndex = 0; path = "iTransfert RenamerUITests.xctest"; sourceTree = BUILT_PRODUCTS_DIR; };
		50916EF3218B02BC0064A190 /* iTransfert_RenamerUITests.swift */ = {isa = PBXFileReference; lastKnownFileType = sourcecode.swift; path = iTransfert_RenamerUITests.swift; sourceTree = "<group>"; };
		50916EF5218B02BC0064A190 /* Info.plist */ = {isa = PBXFileReference; lastKnownFileType = text.plist.xml; path = Info.plist; sourceTree = "<group>"; };
/* End PBXFileReference section */

/* Begin PBXFrameworksBuildPhase section */
		50916ECF218B02BB0064A190 /* Frameworks */ = {
			isa = PBXFrameworksBuildPhase;
			buildActionMask = 2147483647;
			files = (
			);
			runOnlyForDeploymentPostprocessing = 0;
		};
		50916EE1218B02BC0064A190 /* Frameworks */ = {
			isa = PBXFrameworksBuildPhase;
			buildActionMask = 2147483647;
			files = (
			);
			runOnlyForDeploymentPostprocessing = 0;
		};
		50916EEC218B02BC0064A190 /* Frameworks */ = {
			isa = PBXFrameworksBuildPhase;
			buildActionMask = 2147483647;
			files = (
			);
			runOnlyForDeploymentPostprocessing = 0;
		};
/* End PBXFrameworksBuildPhase section */

/* Begin PBXGroup section */
		50916EC9218B02BB0064A190 = {
			isa = PBXGroup;
			children = (
				50916ED4218B02BB0064A190 /* iTransfert Renamer */,
				50916EE7218B02BC0064A190 /* iTransfert RenamerTests */,
				50916EF2218B02BC0064A190 /* iTransfert RenamerUITests */,
				50916ED3218B02BB0064A190 /* Products */,
			);
			sourceTree = "<group>";
		};
		50916ED3218B02BB0064A190 /* Products */ = {
			isa = PBXGroup;
			children = (
				50916ED2218B02BB0064A190 /* iTransfert Renamer.app */,
				50916EE4218B02BC0064A190 /* iTransfert RenamerTests.xctest */,
				50916EEF218B02BC0064A190 /* iTransfert RenamerUITests.xctest */,
			);
			name = Products;
			sourceTree = "<group>";
		};
		50916ED4218B02BB0064A190 /* iTransfert Renamer */ = {
			isa = PBXGroup;
			children = (
				5074FABA2190FE2000C56885 /* iTransfert Renamer.entitlements */,
				5048B479218B101E0089BF2B /* DragView.swift */,
				50916ED5218B02BB0064A190 /* AppDelegate.swift */,
				50916ED7218B02BB0064A190 /* HomeViewController.swift */,
				50916ED9218B02BC0064A190 /* Assets.xcassets */,
				50916EDB218B02BC0064A190 /* Main.storyboard */,
				50916EDE218B02BC0064A190 /* Info.plist */,
				50916EDF218B02BC0064A190 /* iTransfert_Renamer.entitlements */,
			);
			path = "iTransfert Renamer";
			sourceTree = "<group>";
		};
		50916EE7218B02BC0064A190 /* iTransfert RenamerTests */ = {
			isa = PBXGroup;
			children = (
				50916EE8218B02BC0064A190 /* iTransfert_RenamerTests.swift */,
				50916EEA218B02BC0064A190 /* Info.plist */,
			);
			path = "iTransfert RenamerTests";
			sourceTree = "<group>";
		};
		50916EF2218B02BC0064A190 /* iTransfert RenamerUITests */ = {
			isa = PBXGroup;
			children = (
				50916EF3218B02BC0064A190 /* iTransfert_RenamerUITests.swift */,
				50916EF5218B02BC0064A190 /* Info.plist */,
			);
			path = "iTransfert RenamerUITests";
			sourceTree = "<group>";
		};
/* End PBXGroup section */

/* Begin PBXNativeTarget section */
		50916ED1218B02BB0064A190 /* iTransfert Renamer */ = {
			isa = PBXNativeTarget;
			buildConfigurationList = 50916EF8218B02BC0064A190 /* Build configuration list for PBXNativeTarget "iTransfert Renamer" */;
			buildPhases = (
				50916ECE218B02BB0064A190 /* Sources */,
				50916ECF218B02BB0064A190 /* Frameworks */,
				50916ED0218B02BB0064A190 /* Resources */,
			);
			buildRules = (
			);
			dependencies = (
			);
			name = "iTransfert Renamer";
			productName = "iTransfert Renamer";
			productReference = 50916ED2218B02BB0064A190 /* iTransfert Renamer.app */;
			productType = "com.apple.product-type.application";
		};
		50916EE3218B02BC0064A190 /* iTransfert RenamerTests */ = {
			isa = PBXNativeTarget;
			buildConfigurationList = 50916EFB218B02BC0064A190 /* Build configuration list for PBXNativeTarget "iTransfert RenamerTests" */;
			buildPhases = (
				50916EE0218B02BC0064A190 /* Sources */,
				50916EE1218B02BC0064A190 /* Frameworks */,
				50916EE2218B02BC0064A190 /* Resources */,
			);
			buildRules = (
			);
			dependencies = (
				50916EE6218B02BC0064A190 /* PBXTargetDependency */,
			);
			name = "iTransfert RenamerTests";
			productName = "iTransfert RenamerTests";
			productReference = 50916EE4218B02BC0064A190 /* iTransfert RenamerTests.xctest */;
			productType = "com.apple.product-type.bundle.unit-test";
		};
		50916EEE218B02BC0064A190 /* iTransfert RenamerUITests */ = {
			isa = PBXNativeTarget;
			buildConfigurationList = 50916EFE218B02BC0064A190 /* Build configuration list for PBXNativeTarget "iTransfert RenamerUITests" */;
			buildPhases = (
				50916EEB218B02BC0064A190 /* Sources */,
				50916EEC218B02BC0064A190 /* Frameworks */,
				50916EED218B02BC0064A190 /* Resources */,
			);
			buildRules = (
			);
			dependencies = (
				50916EF1218B02BC0064A190 /* PBXTargetDependency */,
			);
			name = "iTransfert RenamerUITests";
			productName = "iTransfert RenamerUITests";
			productReference = 50916EEF218B02BC0064A190 /* iTransfert RenamerUITests.xctest */;
			productType = "com.apple.product-type.bundle.ui-testing";
		};
/* End PBXNativeTarget section */

/* Begin PBXProject section */
		50916ECA218B02BB0064A190 /* Project object */ = {
			isa = PBXProject;
			attributes = {
				LastSwiftUpdateCheck = 0940;
				LastUpgradeCheck = 0940;
				ORGANIZATIONNAME = "France Televisions";
				TargetAttributes = {
					50916ED1218B02BB0064A190 = {
						CreatedOnToolsVersion = 9.4.1;
						SystemCapabilities = {
							com.apple.Sandbox = {
								enabled = 0;
							};
						};
					};
					50916EE3218B02BC0064A190 = {
						CreatedOnToolsVersion = 9.4.1;
						TestTargetID = 50916ED1218B02BB0064A190;
					};
					50916EEE218B02BC0064A190 = {
						CreatedOnToolsVersion = 9.4.1;
						TestTargetID = 50916ED1218B02BB0064A190;
					};
				};
			};
			buildConfigurationList = 50916ECD218B02BB0064A190 /* Build configuration list for PBXProject "iTransfert Renamer" */;
			compatibilityVersion = "Xcode 9.3";
			developmentRegion = en;
			hasScannedForEncodings = 0;
			knownRegions = (
				en,
				Base,
			);
			mainGroup = 50916EC9218B02BB0064A190;
			productRefGroup = 50916ED3218B02BB0064A190 /* Products */;
			projectDirPath = "";
			projectRoot = "";
			targets = (
				50916ED1218B02BB0064A190 /* iTransfert Renamer */,
				50916EE3218B02BC0064A190 /* iTransfert RenamerTests */,
				50916EEE218B02BC0064A190 /* iTransfert RenamerUITests */,
			);
		};
/* End PBXProject section */

/* Begin PBXResourcesBuildPhase section */
		50916ED0218B02BB0064A190 /* Resources */ = {
			isa = PBXResourcesBuildPhase;
			buildActionMask = 2147483647;
			files = (
				50916EDA218B02BC0064A190 /* Assets.xcassets in Resources */,
				50916EDD218B02BC0064A190 /* Main.storyboard in Resources */,
			);
			runOnlyForDeploymentPostprocessing = 0;
		};
		50916EE2218B02BC0064A190 /* Resources */ = {
			isa = PBXResourcesBuildPhase;
			buildActionMask = 2147483647;
			files = (
			);
			runOnlyForDeploymentPostprocessing = 0;
		};
		50916EED218B02BC0064A190 /* Resources */ = {
			isa = PBXResourcesBuildPhase;
			buildActionMask = 2147483647;
			files = (
			);
			runOnlyForDeploymentPostprocessing = 0;
		};
/* End PBXResourcesBuildPhase section */

/* Begin PBXSourcesBuildPhase section */
		50916ECE218B02BB0064A190 /* Sources */ = {
			isa = PBXSourcesBuildPhase;
			buildActionMask = 2147483647;
			files = (
				50916ED8218B02BB0064A190 /* HomeViewController.swift in Sources */,
				50916ED6218B02BB0064A190 /* AppDelegate.swift in Sources */,
				5048B47A218B101E0089BF2B /* DragView.swift in Sources */,
			);
			runOnlyForDeploymentPostprocessing = 0;
		};
		50916EE0218B02BC0064A190 /* Sources */ = {
			isa = PBXSourcesBuildPhase;
			buildActionMask = 2147483647;
			files = (
				50916EE9218B02BC0064A190 /* iTransfert_RenamerTests.swift in Sources */,
			);
			runOnlyForDeploymentPostprocessing = 0;
		};
		50916EEB218B02BC0064A190 /* Sources */ = {
			isa = PBXSourcesBuildPhase;
			buildActionMask = 2147483647;
			files = (
				50916EF4218B02BC0064A190 /* iTransfert_RenamerUITests.swift in Sources */,
			);
			runOnlyForDeploymentPostprocessing = 0;
		};
/* End PBXSourcesBuildPhase section */

/* Begin PBXTargetDependency section */
		50916EE6218B02BC0064A190 /* PBXTargetDependency */ = {
			isa = PBXTargetDependency;
			target = 50916ED1218B02BB0064A190 /* iTransfert Renamer */;
			targetProxy = 50916EE5218B02BC0064A190 /* PBXContainerItemProxy */;
		};
		50916EF1218B02BC0064A190 /* PBXTargetDependency */ = {
			isa = PBXTargetDependency;
			target = 50916ED1218B02BB0064A190 /* iTransfert Renamer */;
			targetProxy = 50916EF0218B02BC0064A190 /* PBXContainerItemProxy */;
		};
/* End PBXTargetDependency section */

/* Begin PBXVariantGroup section */
		50916EDB218B02BC0064A190 /* Main.storyboard */ = {
			isa = PBXVariantGroup;
			children = (
				50916EDC218B02BC0064A190 /* Base */,
			);
			name = Main.storyboard;
			sourceTree = "<group>";
		};
/* End PBXVariantGroup section */

/* Begin XCBuildConfiguration section */
		50916EF6218B02BC0064A190 /* Debug */ = {
			isa = XCBuildConfiguration;
			buildSettings = {
				ALWAYS_SEARCH_USER_PATHS = NO;
				CLANG_ANALYZER_NONNULL = YES;
				CLANG_ANALYZER_NUMBER_OBJECT_CONVERSION = YES_AGGRESSIVE;
				CLANG_CXX_LANGUAGE_STANDARD = "gnu++14";
				CLANG_CXX_LIBRARY = "libc++";
				CLANG_ENABLE_MODULES = YES;
				CLANG_ENABLE_OBJC_ARC = YES;
				CLANG_ENABLE_OBJC_WEAK = YES;
				CLANG_WARN_BLOCK_CAPTURE_AUTORELEASING = YES;
				CLANG_WARN_BOOL_CONVERSION = YES;
				CLANG_WARN_COMMA = YES;
				CLANG_WARN_CONSTANT_CONVERSION = YES;
				CLANG_WARN_DEPRECATED_OBJC_IMPLEMENTATIONS = YES;
				CLANG_WARN_DIRECT_OBJC_ISA_USAGE = YES_ERROR;
				CLANG_WARN_DOCUMENTATION_COMMENTS = YES;
				CLANG_WARN_EMPTY_BODY = YES;
				CLANG_WARN_ENUM_CONVERSION = YES;
				CLANG_WARN_INFINITE_RECURSION = YES;
				CLANG_WARN_INT_CONVERSION = YES;
				CLANG_WARN_NON_LITERAL_NULL_CONVERSION = YES;
				CLANG_WARN_OBJC_IMPLICIT_RETAIN_SELF = YES;
				CLANG_WARN_OBJC_LITERAL_CONVERSION = YES;
				CLANG_WARN_OBJC_ROOT_CLASS = YES_ERROR;
				CLANG_WARN_RANGE_LOOP_ANALYSIS = YES;
				CLANG_WARN_STRICT_PROTOTYPES = YES;
				CLANG_WARN_SUSPICIOUS_MOVE = YES;
				CLANG_WARN_UNGUARDED_AVAILABILITY = YES_AGGRESSIVE;
				CLANG_WARN_UNREACHABLE_CODE = YES;
				CLANG_WARN__DUPLICATE_METHOD_MATCH = YES;
				CODE_SIGN_IDENTITY = "-";
				COPY_PHASE_STRIP = NO;
				DEBUG_INFORMATION_FORMAT = dwarf;
				ENABLE_STRICT_OBJC_MSGSEND = YES;
				ENABLE_TESTABILITY = YES;
				GCC_C_LANGUAGE_STANDARD = gnu11;
				GCC_DYNAMIC_NO_PIC = NO;
				GCC_NO_COMMON_BLOCKS = YES;
				GCC_OPTIMIZATION_LEVEL = 0;
				GCC_PREPROCESSOR_DEFINITIONS = (
					"DEBUG=1",
					"$(inherited)",
				);
				GCC_WARN_64_TO_32_BIT_CONVERSION = YES;
				GCC_WARN_ABOUT_RETURN_TYPE = YES_ERROR;
				GCC_WARN_UNDECLARED_SELECTOR = YES;
				GCC_WARN_UNINITIALIZED_AUTOS = YES_AGGRESSIVE;
				GCC_WARN_UNUSED_FUNCTION = YES;
				GCC_WARN_UNUSED_VARIABLE = YES;
				MACOSX_DEPLOYMENT_TARGET = 10.13;
				MTL_ENABLE_DEBUG_INFO = YES;
				ONLY_ACTIVE_ARCH = YES;
				SDKROOT = macosx;
				SWIFT_ACTIVE_COMPILATION_CONDITIONS = DEBUG;
				SWIFT_OPTIMIZATION_LEVEL = "-Onone";
			};
			name = Debug;
		};
		50916EF7218B02BC0064A190 /* Release */ = {
			isa = XCBuildConfiguration;
			buildSettings = {
				ALWAYS_SEARCH_USER_PATHS = NO;
				CLANG_ANALYZER_NONNULL = YES;
				CLANG_ANALYZER_NUMBER_OBJECT_CONVERSION = YES_AGGRESSIVE;
				CLANG_CXX_LANGUAGE_STANDARD = "gnu++14";
				CLANG_CXX_LIBRARY = "libc++";
				CLANG_ENABLE_MODULES = YES;
				CLANG_ENABLE_OBJC_ARC = YES;
				CLANG_ENABLE_OBJC_WEAK = YES;
				CLANG_WARN_BLOCK_CAPTURE_AUTORELEASING = YES;
				CLANG_WARN_BOOL_CONVERSION = YES;
				CLANG_WARN_COMMA = YES;
				CLANG_WARN_CONSTANT_CONVERSION = YES;
				CLANG_WARN_DEPRECATED_OBJC_IMPLEMENTATIONS = YES;
				CLANG_WARN_DIRECT_OBJC_ISA_USAGE = YES_ERROR;
				CLANG_WARN_DOCUMENTATION_COMMENTS = YES;
				CLANG_WARN_EMPTY_BODY = YES;
				CLANG_WARN_ENUM_CONVERSION = YES;
				CLANG_WARN_INFINITE_RECURSION = YES;
				CLANG_WARN_INT_CONVERSION = YES;
				CLANG_WARN_NON_LITERAL_NULL_CONVERSION = YES;
				CLANG_WARN_OBJC_IMPLICIT_RETAIN_SELF = YES;
				CLANG_WARN_OBJC_LITERAL_CONVERSION = YES;
				CLANG_WARN_OBJC_ROOT_CLASS = YES_ERROR;
				CLANG_WARN_RANGE_LOOP_ANALYSIS = YES;
				CLANG_WARN_STRICT_PROTOTYPES = YES;
				CLANG_WARN_SUSPICIOUS_MOVE = YES;
				CLANG_WARN_UNGUARDED_AVAILABILITY = YES_AGGRESSIVE;
				CLANG_WARN_UNREACHABLE_CODE = YES;
				CLANG_WARN__DUPLICATE_METHOD_MATCH = YES;
				CODE_SIGN_IDENTITY = "-";
				COPY_PHASE_STRIP = NO;
				DEBUG_INFORMATION_FORMAT = "dwarf-with-dsym";
				ENABLE_NS_ASSERTIONS = NO;
				ENABLE_STRICT_OBJC_MSGSEND = YES;
				GCC_C_LANGUAGE_STANDARD = gnu11;
				GCC_NO_COMMON_BLOCKS = YES;
				GCC_WARN_64_TO_32_BIT_CONVERSION = YES;
				GCC_WARN_ABOUT_RETURN_TYPE = YES_ERROR;
				GCC_WARN_UNDECLARED_SELECTOR = YES;
				GCC_WARN_UNINITIALIZED_AUTOS = YES_AGGRESSIVE;
				GCC_WARN_UNUSED_FUNCTION = YES;
				GCC_WARN_UNUSED_VARIABLE = YES;
				MACOSX_DEPLOYMENT_TARGET = 10.13;
				MTL_ENABLE_DEBUG_INFO = NO;
				SDKROOT = macosx;
				SWIFT_COMPILATION_MODE = wholemodule;
				SWIFT_OPTIMIZATION_LEVEL = "-O";
			};
			name = Release;
		};
		50916EF9218B02BC0064A190 /* Debug */ = {
			isa = XCBuildConfiguration;
			buildSettings = {
				ASSETCATALOG_COMPILER_APPICON_NAME = AppIcon;
				CODE_SIGN_STYLE = Automatic;
				COMBINE_HIDPI_IMAGES = YES;
				INFOPLIST_FILE = "iTransfert Renamer/Info.plist";
				LD_RUNPATH_SEARCH_PATHS = (
					"$(inherited)",
					"@executable_path/../Frameworks",
				);
				MACOSX_DEPLOYMENT_TARGET = 10.13;
				PRODUCT_BUNDLE_IDENTIFIER = "ftv.iTransfert-Renamer";
				PRODUCT_NAME = "$(TARGET_NAME)";
				SWIFT_VERSION = 3.0;
			};
			name = Debug;
		};
		50916EFA218B02BC0064A190 /* Release */ = {
			isa = XCBuildConfiguration;
			buildSettings = {
				ASSETCATALOG_COMPILER_APPICON_NAME = AppIcon;
				CODE_SIGN_STYLE = Automatic;
				COMBINE_HIDPI_IMAGES = YES;
				INFOPLIST_FILE = "iTransfert Renamer/Info.plist";
				LD_RUNPATH_SEARCH_PATHS = (
					"$(inherited)",
					"@executable_path/../Frameworks",
				);
				MACOSX_DEPLOYMENT_TARGET = 10.13;
				PRODUCT_BUNDLE_IDENTIFIER = "ftv.iTransfert-Renamer";
				PRODUCT_NAME = "$(TARGET_NAME)";
				SWIFT_VERSION = 3.0;
			};
			name = Release;
		};
		50916EFC218B02BC0064A190 /* Debug */ = {
			isa = XCBuildConfiguration;
			buildSettings = {
				ALWAYS_EMBED_SWIFT_STANDARD_LIBRARIES = YES;
				BUNDLE_LOADER = "$(TEST_HOST)";
				CODE_SIGN_STYLE = Automatic;
				COMBINE_HIDPI_IMAGES = YES;
				INFOPLIST_FILE = "iTransfert RenamerTests/Info.plist";
				LD_RUNPATH_SEARCH_PATHS = (
					"$(inherited)",
					"@executable_path/../Frameworks",
					"@loader_path/../Frameworks",
				);
				PRODUCT_BUNDLE_IDENTIFIER = "ftv.iTransfert-RenamerTests";
				PRODUCT_NAME = "$(TARGET_NAME)";
				SWIFT_VERSION = 4.0;
				TEST_HOST = "$(BUILT_PRODUCTS_DIR)/iTransfert Renamer.app/Contents/MacOS/iTransfert Renamer";
			};
			name = Debug;
		};
		50916EFD218B02BC0064A190 /* Release */ = {
			isa = XCBuildConfiguration;
			buildSettings = {
				ALWAYS_EMBED_SWIFT_STANDARD_LIBRARIES = YES;
				BUNDLE_LOADER = "$(TEST_HOST)";
				CODE_SIGN_STYLE = Automatic;
				COMBINE_HIDPI_IMAGES = YES;
				INFOPLIST_FILE = "iTransfert RenamerTests/Info.plist";
				LD_RUNPATH_SEARCH_PATHS = (
					"$(inherited)",
					"@executable_path/../Frameworks",
					"@loader_path/../Frameworks",
				);
				PRODUCT_BUNDLE_IDENTIFIER = "ftv.iTransfert-RenamerTests";
				PRODUCT_NAME = "$(TARGET_NAME)";
				SWIFT_VERSION = 4.0;
				TEST_HOST = "$(BUILT_PRODUCTS_DIR)/iTransfert Renamer.app/Contents/MacOS/iTransfert Renamer";
			};
			name = Release;
		};
		50916EFF218B02BC0064A190 /* Debug */ = {
			isa = XCBuildConfiguration;
			buildSettings = {
				ALWAYS_EMBED_SWIFT_STANDARD_LIBRARIES = YES;
				CODE_SIGN_STYLE = Automatic;
				COMBINE_HIDPI_IMAGES = YES;
				INFOPLIST_FILE = "iTransfert RenamerUITests/Info.plist";
				LD_RUNPATH_SEARCH_PATHS = (
					"$(inherited)",
					"@executable_path/../Frameworks",
					"@loader_path/../Frameworks",
				);
				PRODUCT_BUNDLE_IDENTIFIER = "ftv.iTransfert-RenamerUITests";
				PRODUCT_NAME = "$(TARGET_NAME)";
				SWIFT_VERSION = 4.0;
				TEST_TARGET_NAME = "iTransfert Renamer";
			};
			name = Debug;
		};
		50916F00218B02BC0064A190 /* Release */ = {
			isa = XCBuildConfiguration;
			buildSettings = {
				ALWAYS_EMBED_SWIFT_STANDARD_LIBRARIES = YES;
				CODE_SIGN_STYLE = Automatic;
				COMBINE_HIDPI_IMAGES = YES;
				INFOPLIST_FILE = "iTransfert RenamerUITests/Info.plist";
				LD_RUNPATH_SEARCH_PATHS = (
					"$(inherited)",
					"@executable_path/../Frameworks",
					"@loader_path/../Frameworks",
				);
				PRODUCT_BUNDLE_IDENTIFIER = "ftv.iTransfert-RenamerUITests";
				PRODUCT_NAME = "$(TARGET_NAME)";
				SWIFT_VERSION = 4.0;
				TEST_TARGET_NAME = "iTransfert Renamer";
			};
			name = Release;
		};
/* End XCBuildConfiguration section */

/* Begin XCConfigurationList section */
		50916ECD218B02BB0064A190 /* Build configuration list for PBXProject "iTransfert Renamer" */ = {
			isa = XCConfigurationList;
			buildConfigurations = (
				50916EF6218B02BC0064A190 /* Debug */,
				50916EF7218B02BC0064A190 /* Release */,
			);
			defaultConfigurationIsVisible = 0;
			defaultConfigurationName = Release;
		};
		50916EF8218B02BC0064A190 /* Build configuration list for PBXNativeTarget "iTransfert Renamer" */ = {
			isa = XCConfigurationList;
			buildConfigurations = (
				50916EF9218B02BC0064A190 /* Debug */,
				50916EFA218B02BC0064A190 /* Release */,
			);
			defaultConfigurationIsVisible = 0;
			defaultConfigurationName = Release;
		};
		50916EFB218B02BC0064A190 /* Build configuration list for PBXNativeTarget "iTransfert RenamerTests" */ = {
			isa = XCConfigurationList;
			buildConfigurations = (
				50916EFC218B02BC0064A190 /* Debug */,
				50916EFD218B02BC0064A190 /* Release */,
			);
			defaultConfigurationIsVisible = 0;
			defaultConfigurationName = Release;
		};
		50916EFE218B02BC0064A190 /* Build configuration list for PBXNativeTarget "iTransfert RenamerUITests" */ = {
			isa = XCConfigurationList;
			buildConfigurations = (
				50916EFF218B02BC0064A190 /* Debug */,
				50916F00218B02BC0064A190 /* Release */,
			);
			defaultConfigurationIsVisible = 0;
			defaultConfigurationName = Release;
		};
/* End XCConfigurationList section */
	};
	rootObject = 50916ECA218B02BB0064A190 /* Project object */;
}
